
Microsoft Visual Studio Solution File, Format Version 12.00
# Visual Studio 15
VisualStudioVersion = 15.0.27004.2002
MinimumVisualStudioVersion = 10.0.40219.1
Project("{FAE04EC0-301F-11D3-BF4B-00C04F79EFBC}") = "MainApp", "MainApp\MainApp.csproj", "{526A739E-68A1-4788-82BE-A30ACEF7F38B}"
EndProject
Project("{FAE04EC0-301F-11D3-BF4B-00C04F79EFBC}") = "XsmController", "XsmController\XsmController.csproj", "{9E94152B-8057-469F-8557-70C9D6423DA5}"
EndProject
Project("{FAE04EC0-301F-11D3-BF4B-00C04F79EFBC}") = "XsmService", "XsmService\XsmService.csproj", "{EBC612C7-F105-4F34-9130-03B8C38845C8}"
EndProject
Global
	GlobalSection(SolutionConfigurationPlatforms) = preSolution
		Debug|Any CPU = Debug|Any CPU
		Release|Any CPU = Release|Any CPU
	EndGlobalSection
	GlobalSection(ProjectConfigurationPlatforms) = postSolution
		{526A739E-68A1-4788-82BE-A30ACEF7F38B}.Debug|Any CPU.ActiveCfg = Debug|Any CPU
		{526A739E-68A1-4788-82BE-A30ACEF7F38B}.Debug|Any CPU.Build.0 = Debug|Any CPU
		{526A739E-68A1-4788-82BE-A30ACEF7F38B}.Release|Any CPU.ActiveCfg = Release|Any CPU
		{526A739E-68A1-4788-82BE-A30ACEF7F38B}.Release|Any CPU.Build.0 = Release|Any CPU
		{9E94152B-8057-469F-8557-70C9D6423DA5}.Debug|Any CPU.ActiveCfg = Debug|Any CPU
		{9E94152B-8057-469F-8557-70C9D6423DA5}.Debug|Any CPU.Build.0 = Debug|Any CPU
		{9E94152B-8057-469F-8557-70C9D6423DA5}.Release|Any CPU.ActiveCfg = Release|Any CPU
		{9E94152B-8057-469F-8557-70C9D6423DA5}.Release|Any CPU.Build.0 = Release|Any CPU
		{EBC612C7-F105-4F34-9130-03B8C38845C8}.Debug|Any CPU.ActiveCfg = Debug|Any CPU
		{EBC612C7-F105-4F34-9130-03B8C38845C8}.Debug|Any CPU.Build.0 = Debug|Any CPU
		{EBC612C7-F105-4F34-9130-03B8C38845C8}.Release|Any CPU.ActiveCfg = Release|Any CPU
		{EBC612C7-F105-4F34-9130-03B8C38845C8}.Release|Any CPU.Build.0 = Release|Any CPU
	EndGlobalSection
	GlobalSection(SolutionProperties) = preSolution
		HideSolutionNode = FALSE
	EndGlobalSection
	GlobalSection(ExtensibilityGlobals) = postSolution
		SolutionGuid = {74D2B7FB-056A-4E64-8868-17C25BDC5FB1}
	EndGlobalSection
EndGlobal
